
Microsoft Visual Studio Solution File, Format Version 12.00
# Visual Studio Version 17
VisualStudioVersion = 17.0.31903.59
MinimumVisualStudioVersion = 10.0.40219.1
Project("{2150E333-8FDC-42A3-9474-1A3956D46DE8}") = "src", "src", "{2A0F2268-DC8C-4351-BD3E-A78767716AE2}"
EndProject
Project("{FAE04EC0-301F-11D3-BF4B-00C04F79EFBC}") = "Database.Core", "src\Database.Core\Database.Core.csproj", "{E438600C-7AE2-43D3-B1BA-581D6D7D7A70}"
EndProject
Project("{FAE04EC0-301F-11D3-BF4B-00C04F79EFBC}") = "Database.Test", "src\Database.Test\Database.Test.csproj", "{6FC0EAAE-B370-4C14-A57A-5B56990D51BD}"
EndProject
Project("{FAE04EC0-301F-11D3-BF4B-00C04F79EFBC}") = "Cli.Parquet", "src\Cli.Parquet\Cli.Parquet.csproj", "{576D6D37-DF0F-4F58-8442-D242D26E303D}"
EndProject
Global
	GlobalSection(SolutionConfigurationPlatforms) = preSolution
		Debug|Any CPU = Debug|Any CPU
		Release|Any CPU = Release|Any CPU
	EndGlobalSection
	GlobalSection(SolutionProperties) = preSolution
		HideSolutionNode = FALSE
	EndGlobalSection
	GlobalSection(ProjectConfigurationPlatforms) = postSolution
		{E438600C-7AE2-43D3-B1BA-581D6D7D7A70}.Debug|Any CPU.ActiveCfg = Debug|Any CPU
		{E438600C-7AE2-43D3-B1BA-581D6D7D7A70}.Debug|Any CPU.Build.0 = Debug|Any CPU
		{E438600C-7AE2-43D3-B1BA-581D6D7D7A70}.Release|Any CPU.ActiveCfg = Release|Any CPU
		{E438600C-7AE2-43D3-B1BA-581D6D7D7A70}.Release|Any CPU.Build.0 = Release|Any CPU
		{6FC0EAAE-B370-4C14-A57A-5B56990D51BD}.Debug|Any CPU.ActiveCfg = Debug|Any CPU
		{6FC0EAAE-B370-4C14-A57A-5B56990D51BD}.Debug|Any CPU.Build.0 = Debug|Any CPU
		{6FC0EAAE-B370-4C14-A57A-5B56990D51BD}.Release|Any CPU.ActiveCfg = Release|Any CPU
		{6FC0EAAE-B370-4C14-A57A-5B56990D51BD}.Release|Any CPU.Build.0 = Release|Any CPU
		{576D6D37-DF0F-4F58-8442-D242D26E303D}.Debug|Any CPU.ActiveCfg = Debug|Any CPU
		{576D6D37-DF0F-4F58-8442-D242D26E303D}.Debug|Any CPU.Build.0 = Debug|Any CPU
		{576D6D37-DF0F-4F58-8442-D242D26E303D}.Release|Any CPU.ActiveCfg = Release|Any CPU
		{576D6D37-DF0F-4F58-8442-D242D26E303D}.Release|Any CPU.Build.0 = Release|Any CPU
	EndGlobalSection
	GlobalSection(NestedProjects) = preSolution
		{E438600C-7AE2-43D3-B1BA-581D6D7D7A70} = {2A0F2268-DC8C-4351-BD3E-A78767716AE2}
		{6FC0EAAE-B370-4C14-A57A-5B56990D51BD} = {2A0F2268-DC8C-4351-BD3E-A78767716AE2}
		{576D6D37-DF0F-4F58-8442-D242D26E303D} = {2A0F2268-DC8C-4351-BD3E-A78767716AE2}
	EndGlobalSection
EndGlobal
